// !$*UTF8*$!
{
	archiveVersion = 1;
	classes = {
	};
	objectVersion = 51;
	objects = {

/* Begin PBXBuildFile section */
		52E907E4BBD4DDA06AD93A49 /* Pods_cineApp.framework in Frameworks */ = {isa = PBXBuildFile; fileRef = 5E53382EE53FBE51A71A0E79 /* Pods_cineApp.framework */; };
		894464B92354F244000610F3 /* ListaFilmes.storyboard in Resources */ = {isa = PBXBuildFile; fileRef = 894464B82354F244000610F3 /* ListaFilmes.storyboard */; };
		894464BB2354F25C000610F3 /* ListaFilmesViewController.swift in Sources */ = {isa = PBXBuildFile; fileRef = 894464BA2354F25C000610F3 /* ListaFilmesViewController.swift */; };
		894464BF2354F36A000610F3 /* FilmeCollectionViewCell.swift in Sources */ = {isa = PBXBuildFile; fileRef = 894464BD2354F36A000610F3 /* FilmeCollectionViewCell.swift */; };
		894464C02354F36A000610F3 /* FilmeCollectionViewCell.xib in Resources */ = {isa = PBXBuildFile; fileRef = 894464BE2354F36A000610F3 /* FilmeCollectionViewCell.xib */; };
		894464C22354F551000610F3 /* FilmesViewModel.swift in Sources */ = {isa = PBXBuildFile; fileRef = 894464C12354F551000610F3 /* FilmesViewModel.swift */; };
		894464C42354FBF4000610F3 /* FilmeRequestFactory.swift in Sources */ = {isa = PBXBuildFile; fileRef = 894464C32354FBF4000610F3 /* FilmeRequestFactory.swift */; };
		894464C823550079000610F3 /* FilmeService.swift in Sources */ = {isa = PBXBuildFile; fileRef = 894464C723550079000610F3 /* FilmeService.swift */; };
		894464CA23550258000610F3 /* Filme.swift in Sources */ = {isa = PBXBuildFile; fileRef = 894464C923550258000610F3 /* Filme.swift */; };
		895EC3752350FD06008DF55F /* CriarContaViewController.swift in Sources */ = {isa = PBXBuildFile; fileRef = 895EC3742350FD06008DF55F /* CriarContaViewController.swift */; };
		895EC37923511138008DF55F /* Localizable.strings in Resources */ = {isa = PBXBuildFile; fileRef = 895EC37823511138008DF55F /* Localizable.strings */; };
		895EC37B2351114D008DF55F /* Assets.xcassets in Resources */ = {isa = PBXBuildFile; fileRef = 895EC37A2351114D008DF55F /* Assets.xcassets */; };
		895EC37D2351116B008DF55F /* Colors.json in Resources */ = {isa = PBXBuildFile; fileRef = 895EC37C2351116B008DF55F /* Colors.json */; };
		895EC382235111FB008DF55F /* Assets.swift in Sources */ = {isa = PBXBuildFile; fileRef = 895EC37F235111FB008DF55F /* Assets.swift */; };
		895EC383235111FB008DF55F /* Storyboards.swift in Sources */ = {isa = PBXBuildFile; fileRef = 895EC380235111FB008DF55F /* Storyboards.swift */; };
		895EC384235111FB008DF55F /* Colors.swift in Sources */ = {isa = PBXBuildFile; fileRef = 895EC381235111FB008DF55F /* Colors.swift */; };
		895EC38923511E67008DF55F /* GoogleService-Info.plist in Resources */ = {isa = PBXBuildFile; fileRef = 895EC38823511E67008DF55F /* GoogleService-Info.plist */; };
		8973D54D235A3ADC00B2BFEA /* FilmeDetalhe.storyboard in Resources */ = {isa = PBXBuildFile; fileRef = 8973D54C235A3ADC00B2BFEA /* FilmeDetalhe.storyboard */; };
		8973D551235A3B1D00B2BFEA /* FilmeDetalhe.swift in Sources */ = {isa = PBXBuildFile; fileRef = 8973D550235A3B1D00B2BFEA /* FilmeDetalhe.swift */; };
		89B632E3234FB6C100018607 /* AppDelegate.swift in Sources */ = {isa = PBXBuildFile; fileRef = 89B632E2234FB6C100018607 /* AppDelegate.swift */; };
		89B632E5234FB6C100018607 /* ViewController.swift in Sources */ = {isa = PBXBuildFile; fileRef = 89B632E4234FB6C100018607 /* ViewController.swift */; };
		89B632E8234FB6C100018607 /* Main.storyboard in Resources */ = {isa = PBXBuildFile; fileRef = 89B632E6234FB6C100018607 /* Main.storyboard */; };
		89B632EA234FB6C200018607 /* Assets.xcassets in Resources */ = {isa = PBXBuildFile; fileRef = 89B632E9234FB6C200018607 /* Assets.xcassets */; };
		89B632ED234FB6C200018607 /* LaunchScreen.storyboard in Resources */ = {isa = PBXBuildFile; fileRef = 89B632EB234FB6C200018607 /* LaunchScreen.storyboard */; };
		89B632F7234FBF4D00018607 /* VcExtension.swift in Sources */ = {isa = PBXBuildFile; fileRef = 89B632F6234FBF4D00018607 /* VcExtension.swift */; };
		89B632FE234FC05400018607 /* UINavChange.swift in Sources */ = {isa = PBXBuildFile; fileRef = 89B632FD234FC05400018607 /* UINavChange.swift */; };
		89B63301234FC9CB00018607 /* CriarConta.storyboard in Resources */ = {isa = PBXBuildFile; fileRef = 89B63300234FC9CB00018607 /* CriarConta.storyboard */; };
/* End PBXBuildFile section */

/* Begin PBXFileReference section */
		5E53382EE53FBE51A71A0E79 /* Pods_cineApp.framework */ = {isa = PBXFileReference; explicitFileType = wrapper.framework; includeInIndex = 0; path = Pods_cineApp.framework; sourceTree = BUILT_PRODUCTS_DIR; };
		894464B22354EA90000610F3 /* GoogleService-Info.plist */ = {isa = PBXFileReference; lastKnownFileType = text.plist.xml; path = "GoogleService-Info.plist"; sourceTree = "<group>"; };
		894464B32354EA9A000610F3 /* GoogleService-Info.plist */ = {isa = PBXFileReference; lastKnownFileType = text.plist.xml; name = "GoogleService-Info.plist"; path = "../../../../../Downloads/GoogleService-Info.plist"; sourceTree = "<group>"; };
		894464B82354F244000610F3 /* ListaFilmes.storyboard */ = {isa = PBXFileReference; lastKnownFileType = file.storyboard; path = ListaFilmes.storyboard; sourceTree = "<group>"; };
		894464BA2354F25C000610F3 /* ListaFilmesViewController.swift */ = {isa = PBXFileReference; lastKnownFileType = sourcecode.swift; path = ListaFilmesViewController.swift; sourceTree = "<group>"; };
		894464BD2354F36A000610F3 /* FilmeCollectionViewCell.swift */ = {isa = PBXFileReference; lastKnownFileType = sourcecode.swift; path = FilmeCollectionViewCell.swift; sourceTree = "<group>"; };
		894464BE2354F36A000610F3 /* FilmeCollectionViewCell.xib */ = {isa = PBXFileReference; lastKnownFileType = file.xib; path = FilmeCollectionViewCell.xib; sourceTree = "<group>"; };
		894464C12354F551000610F3 /* FilmesViewModel.swift */ = {isa = PBXFileReference; lastKnownFileType = sourcecode.swift; path = FilmesViewModel.swift; sourceTree = "<group>"; };
		894464C32354FBF4000610F3 /* FilmeRequestFactory.swift */ = {isa = PBXFileReference; lastKnownFileType = sourcecode.swift; path = FilmeRequestFactory.swift; sourceTree = "<group>"; };
		894464C723550079000610F3 /* FilmeService.swift */ = {isa = PBXFileReference; lastKnownFileType = sourcecode.swift; path = FilmeService.swift; sourceTree = "<group>"; };
		894464C923550258000610F3 /* Filme.swift */ = {isa = PBXFileReference; lastKnownFileType = sourcecode.swift; path = Filme.swift; sourceTree = "<group>"; };
		895EC3742350FD06008DF55F /* CriarContaViewController.swift */ = {isa = PBXFileReference; lastKnownFileType = sourcecode.swift; path = CriarContaViewController.swift; sourceTree = "<group>"; };
		895EC37823511138008DF55F /* Localizable.strings */ = {isa = PBXFileReference; lastKnownFileType = text.plist.strings; path = Localizable.strings; sourceTree = "<group>"; };
		895EC37A2351114D008DF55F /* Assets.xcassets */ = {isa = PBXFileReference; lastKnownFileType = text; path = Assets.xcassets; sourceTree = "<group>"; };
		895EC37C2351116B008DF55F /* Colors.json */ = {isa = PBXFileReference; lastKnownFileType = text.json; path = Colors.json; sourceTree = "<group>"; };
		895EC37F235111FB008DF55F /* Assets.swift */ = {isa = PBXFileReference; fileEncoding = 4; lastKnownFileType = sourcecode.swift; path = Assets.swift; sourceTree = "<group>"; };
		895EC380235111FB008DF55F /* Storyboards.swift */ = {isa = PBXFileReference; fileEncoding = 4; lastKnownFileType = sourcecode.swift; path = Storyboards.swift; sourceTree = "<group>"; };
		895EC381235111FB008DF55F /* Colors.swift */ = {isa = PBXFileReference; fileEncoding = 4; lastKnownFileType = sourcecode.swift; path = Colors.swift; sourceTree = "<group>"; };
		895EC38823511E67008DF55F /* GoogleService-Info.plist */ = {isa = PBXFileReference; fileEncoding = 4; lastKnownFileType = text.plist.xml; name = "GoogleService-Info.plist"; path = "../../../../Downloads/GoogleService-Info.plist"; sourceTree = "<group>"; };
		8973D54C235A3ADC00B2BFEA /* FilmeDetalhe.storyboard */ = {isa = PBXFileReference; lastKnownFileType = file.storyboard; path = FilmeDetalhe.storyboard; sourceTree = "<group>"; };
		8973D550235A3B1D00B2BFEA /* FilmeDetalhe.swift */ = {isa = PBXFileReference; lastKnownFileType = sourcecode.swift; path = FilmeDetalhe.swift; sourceTree = "<group>"; };
		89B632DF234FB6C100018607 /* cineApp.app */ = {isa = PBXFileReference; explicitFileType = wrapper.application; includeInIndex = 0; path = cineApp.app; sourceTree = BUILT_PRODUCTS_DIR; };
		89B632E2234FB6C100018607 /* AppDelegate.swift */ = {isa = PBXFileReference; lastKnownFileType = sourcecode.swift; path = AppDelegate.swift; sourceTree = "<group>"; };
		89B632E4234FB6C100018607 /* ViewController.swift */ = {isa = PBXFileReference; lastKnownFileType = sourcecode.swift; path = ViewController.swift; sourceTree = "<group>"; };
		89B632E7234FB6C100018607 /* Base */ = {isa = PBXFileReference; lastKnownFileType = file.storyboard; name = Base; path = Base.lproj/Main.storyboard; sourceTree = "<group>"; };
		89B632E9234FB6C200018607 /* Assets.xcassets */ = {isa = PBXFileReference; lastKnownFileType = folder.assetcatalog; path = Assets.xcassets; sourceTree = "<group>"; };
		89B632EC234FB6C200018607 /* Base */ = {isa = PBXFileReference; lastKnownFileType = file.storyboard; name = Base; path = Base.lproj/LaunchScreen.storyboard; sourceTree = "<group>"; };
		89B632EE234FB6C200018607 /* Info.plist */ = {isa = PBXFileReference; lastKnownFileType = text.plist.xml; path = Info.plist; sourceTree = "<group>"; };
		89B632F6234FBF4D00018607 /* VcExtension.swift */ = {isa = PBXFileReference; lastKnownFileType = sourcecode.swift; path = VcExtension.swift; sourceTree = "<group>"; };
		89B632FD234FC05400018607 /* UINavChange.swift */ = {isa = PBXFileReference; lastKnownFileType = sourcecode.swift; path = UINavChange.swift; sourceTree = "<group>"; };
		89B63300234FC9CB00018607 /* CriarConta.storyboard */ = {isa = PBXFileReference; lastKnownFileType = file.storyboard; path = CriarConta.storyboard; sourceTree = "<group>"; };
		D46893483DF01F03E64AF072 /* Pods-cineApp.debug.xcconfig */ = {isa = PBXFileReference; includeInIndex = 1; lastKnownFileType = text.xcconfig; name = "Pods-cineApp.debug.xcconfig"; path = "Target Support Files/Pods-cineApp/Pods-cineApp.debug.xcconfig"; sourceTree = "<group>"; };
		D52814981D396C59373EC5E2 /* Pods-cineApp.release.xcconfig */ = {isa = PBXFileReference; includeInIndex = 1; lastKnownFileType = text.xcconfig; name = "Pods-cineApp.release.xcconfig"; path = "Target Support Files/Pods-cineApp/Pods-cineApp.release.xcconfig"; sourceTree = "<group>"; };
/* End PBXFileReference section */

/* Begin PBXFrameworksBuildPhase section */
		89B632DC234FB6C100018607 /* Frameworks */ = {
			isa = PBXFrameworksBuildPhase;
			buildActionMask = 2147483647;
			files = (
				52E907E4BBD4DDA06AD93A49 /* Pods_cineApp.framework in Frameworks */,
			);
			runOnlyForDeploymentPostprocessing = 0;
		};
/* End PBXFrameworksBuildPhase section */

/* Begin PBXGroup section */
		01915A6E6567B6C3A4BA4FD2 /* Pods */ = {
			isa = PBXGroup;
			children = (
				D46893483DF01F03E64AF072 /* Pods-cineApp.debug.xcconfig */,
				D52814981D396C59373EC5E2 /* Pods-cineApp.release.xcconfig */,
			);
			path = Pods;
			sourceTree = "<group>";
		};
		3B6E3E69AC7960199122C9E1 /* Frameworks */ = {
			isa = PBXGroup;
			children = (
				5E53382EE53FBE51A71A0E79 /* Pods_cineApp.framework */,
			);
			name = Frameworks;
			sourceTree = "<group>";
		};
		894464B12354EA73000610F3 /* ListagemFilme */ = {
			isa = PBXGroup;
			children = (
				894464B72354EC3C000610F3 /* Controllers */,
				894464B62354EC32000610F3 /* ViewModel */,
				894464B52354EC2D000610F3 /* Model */,
				894464B42354EBF9000610F3 /* Service */,
			);
			path = ListagemFilme;
			sourceTree = "<group>";
		};
		894464B42354EBF9000610F3 /* Service */ = {
			isa = PBXGroup;
			children = (
				894464C32354FBF4000610F3 /* FilmeRequestFactory.swift */,
				894464C723550079000610F3 /* FilmeService.swift */,
			);
			path = Service;
			sourceTree = "<group>";
		};
		894464B52354EC2D000610F3 /* Model */ = {
			isa = PBXGroup;
			children = (
				894464C923550258000610F3 /* Filme.swift */,
			);
			path = Model;
			sourceTree = "<group>";
		};
		894464B62354EC32000610F3 /* ViewModel */ = {
			isa = PBXGroup;
			children = (
				894464C12354F551000610F3 /* FilmesViewModel.swift */,
			);
			path = ViewModel;
			sourceTree = "<group>";
		};
		894464B72354EC3C000610F3 /* Controllers */ = {
			isa = PBXGroup;
			children = (
				894464BC2354F2DB000610F3 /* Cells */,
				894464B82354F244000610F3 /* ListaFilmes.storyboard */,
				894464BA2354F25C000610F3 /* ListaFilmesViewController.swift */,
			);
			path = Controllers;
			sourceTree = "<group>";
		};
		894464BC2354F2DB000610F3 /* Cells */ = {
			isa = PBXGroup;
			children = (
				894464BD2354F36A000610F3 /* FilmeCollectionViewCell.swift */,
				894464BE2354F36A000610F3 /* FilmeCollectionViewCell.xib */,
			);
			path = Cells;
			sourceTree = "<group>";
		};
		895EC37723511119008DF55F /* Generators */ = {
			isa = PBXGroup;
			children = (
				895EC37823511138008DF55F /* Localizable.strings */,
				895EC37A2351114D008DF55F /* Assets.xcassets */,
				895EC37C2351116B008DF55F /* Colors.json */,
			);
			path = Generators;
			sourceTree = "<group>";
		};
		895EC37E235111C0008DF55F /* Generated */ = {
			isa = PBXGroup;
			children = (
				895EC37F235111FB008DF55F /* Assets.swift */,
				895EC381235111FB008DF55F /* Colors.swift */,
				895EC380235111FB008DF55F /* Storyboards.swift */,
			);
			path = Generated;
			sourceTree = "<group>";
		};
		895EC385235113EC008DF55F /* Main */ = {
			isa = PBXGroup;
			children = (
				89B632E4234FB6C100018607 /* ViewController.swift */,
				89B632E6234FB6C100018607 /* Main.storyboard */,
			);
			path = Main;
			sourceTree = "<group>";
		};
		8973D549235A3A1800B2BFEA /* Controller */ = {
			isa = PBXGroup;
			children = (
				8973D54C235A3ADC00B2BFEA /* FilmeDetalhe.storyboard */,
				8973D550235A3B1D00B2BFEA /* FilmeDetalhe.swift */,
			);
			path = Controller;
			sourceTree = "<group>";
		};
		89A97C3A2358ECFE0032BFE6 /* FilmeDetalhe */ = {
			isa = PBXGroup;
			children = (
				8973D549235A3A1800B2BFEA /* Controller */,
			);
			path = FilmeDetalhe;
			sourceTree = "<group>";
		};
		89B632D6234FB6C100018607 = {
			isa = PBXGroup;
			children = (
				89B632E1234FB6C100018607 /* cineApp */,
				89B632E0234FB6C100018607 /* Products */,
				01915A6E6567B6C3A4BA4FD2 /* Pods */,
				3B6E3E69AC7960199122C9E1 /* Frameworks */,
			);
			sourceTree = "<group>";
		};
		89B632E0234FB6C100018607 /* Products */ = {
			isa = PBXGroup;
			children = (
				89B632DF234FB6C100018607 /* cineApp.app */,
			);
			name = Products;
			sourceTree = "<group>";
		};
		89B632E1234FB6C100018607 /* cineApp */ = {
			isa = PBXGroup;
			children = (
				89B632EE234FB6C200018607 /* Info.plist */,
				894464B22354EA90000610F3 /* GoogleService-Info.plist */,
				89B632F8234FBFF900018607 /* Application */,
				895EC38823511E67008DF55F /* GoogleService-Info.plist */,
				89A97C3A2358ECFE0032BFE6 /* FilmeDetalhe */,
				894464B12354EA73000610F3 /* ListagemFilme */,
				895EC385235113EC008DF55F /* Main */,
				89B632FF234FC9AC00018607 /* Criar Conta */,
				89B632E9234FB6C200018607 /* Assets.xcassets */,
			);
			path = cineApp;
			sourceTree = "<group>";
		};
		89B632F8234FBFF900018607 /* Application */ = {
			isa = PBXGroup;
			children = (
				894464B32354EA9A000610F3 /* GoogleService-Info.plist */,
				89B632EB234FB6C200018607 /* LaunchScreen.storyboard */,
				89B632E2234FB6C100018607 /* AppDelegate.swift */,
				89B632F9234FC01900018607 /* Supporting Files */,
			);
			path = Application;
			sourceTree = "<group>";
		};
		89B632F9234FC01900018607 /* Supporting Files */ = {
			isa = PBXGroup;
			children = (
				895EC37E235111C0008DF55F /* Generated */,
				895EC37723511119008DF55F /* Generators */,
				89B632FA234FC02200018607 /* Base */,
			);
			path = "Supporting Files";
			sourceTree = "<group>";
		};
		89B632FA234FC02200018607 /* Base */ = {
			isa = PBXGroup;
			children = (
				89B632F6234FBF4D00018607 /* VcExtension.swift */,
				89B632FD234FC05400018607 /* UINavChange.swift */,
			);
			path = Base;
			sourceTree = "<group>";
		};
		89B632FF234FC9AC00018607 /* Criar Conta */ = {
			isa = PBXGroup;
			children = (
				89B63300234FC9CB00018607 /* CriarConta.storyboard */,
				895EC3742350FD06008DF55F /* CriarContaViewController.swift */,
			);
			path = "Criar Conta";
			sourceTree = "<group>";
		};
/* End PBXGroup section */

/* Begin PBXNativeTarget section */
		89B632DE234FB6C100018607 /* cineApp */ = {
			isa = PBXNativeTarget;
			buildConfigurationList = 89B632F1234FB6C200018607 /* Build configuration list for PBXNativeTarget "cineApp" */;
			buildPhases = (
				C53BDE40C27DCEA3CA42D0AB /* [CP] Check Pods Manifest.lock */,
				89B632DB234FB6C100018607 /* Sources */,
				89B632DC234FB6C100018607 /* Frameworks */,
				89B632DD234FB6C100018607 /* Resources */,
				6B1B18230C4870E56C58071D /* [CP] Embed Pods Frameworks */,
				895EC376235110FB008DF55F /* ShellScript */,
			);
			buildRules = (
			);
			dependencies = (
			);
			name = cineApp;
			productName = cineApp;
			productReference = 89B632DF234FB6C100018607 /* cineApp.app */;
			productType = "com.apple.product-type.application";
		};
/* End PBXNativeTarget section */

/* Begin PBXProject section */
		89B632D7234FB6C100018607 /* Project object */ = {
			isa = PBXProject;
			attributes = {
				LastSwiftUpdateCheck = 1030;
				LastUpgradeCheck = 1030;
				ORGANIZATIONNAME = Luis_md;
				TargetAttributes = {
					89B632DE234FB6C100018607 = {
						CreatedOnToolsVersion = 10.3;
					};
				};
			};
			buildConfigurationList = 89B632DA234FB6C100018607 /* Build configuration list for PBXProject "cineApp" */;
			compatibilityVersion = "Xcode 9.3";
			developmentRegion = en;
			hasScannedForEncodings = 0;
			knownRegions = (
				en,
				Base,
			);
			mainGroup = 89B632D6234FB6C100018607;
			productRefGroup = 89B632E0234FB6C100018607 /* Products */;
			projectDirPath = "";
			projectRoot = "";
			targets = (
				89B632DE234FB6C100018607 /* cineApp */,
			);
		};
/* End PBXProject section */

/* Begin PBXResourcesBuildPhase section */
		89B632DD234FB6C100018607 /* Resources */ = {
			isa = PBXResourcesBuildPhase;
			buildActionMask = 2147483647;
			files = (
				89B632ED234FB6C200018607 /* LaunchScreen.storyboard in Resources */,
				895EC38923511E67008DF55F /* GoogleService-Info.plist in Resources */,
				894464C02354F36A000610F3 /* FilmeCollectionViewCell.xib in Resources */,
				895EC37923511138008DF55F /* Localizable.strings in Resources */,
				89B632EA234FB6C200018607 /* Assets.xcassets in Resources */,
				895EC37B2351114D008DF55F /* Assets.xcassets in Resources */,
				8973D54D235A3ADC00B2BFEA /* FilmeDetalhe.storyboard in Resources */,
				894464B92354F244000610F3 /* ListaFilmes.storyboard in Resources */,
				895EC37D2351116B008DF55F /* Colors.json in Resources */,
				89B632E8234FB6C100018607 /* Main.storyboard in Resources */,
				89B63301234FC9CB00018607 /* CriarConta.storyboard in Resources */,
			);
			runOnlyForDeploymentPostprocessing = 0;
		};
/* End PBXResourcesBuildPhase section */

/* Begin PBXShellScriptBuildPhase section */
		6B1B18230C4870E56C58071D /* [CP] Embed Pods Frameworks */ = {
			isa = PBXShellScriptBuildPhase;
			buildActionMask = 2147483647;
			files = (
			);
			inputFileListPaths = (
				"${PODS_ROOT}/Target Support Files/Pods-cineApp/Pods-cineApp-frameworks-${CONFIGURATION}-input-files.xcfilelist",
			);
			name = "[CP] Embed Pods Frameworks";
			outputFileListPaths = (
				"${PODS_ROOT}/Target Support Files/Pods-cineApp/Pods-cineApp-frameworks-${CONFIGURATION}-output-files.xcfilelist",
			);
			runOnlyForDeploymentPostprocessing = 0;
			shellPath = /bin/sh;
			shellScript = "\"${PODS_ROOT}/Target Support Files/Pods-cineApp/Pods-cineApp-frameworks.sh\"\n";
			showEnvVarsInLog = 0;
		};
		895EC376235110FB008DF55F /* ShellScript */ = {
			isa = PBXShellScriptBuildPhase;
			buildActionMask = 2147483647;
			files = (
			);
			inputFileListPaths = (
			);
			inputPaths = (
			);
			outputFileListPaths = (
			);
			outputPaths = (
			);
			runOnlyForDeploymentPostprocessing = 0;
			shellPath = /bin/sh;
			shellScript = "# Type a script or drag a script file from your workspace to insert its path.\n\"$PODS_ROOT\"/SwiftGen/bin/swiftgen strings -t structured-swift4 \"$PROJECT_DIR/$PROJECT_NAME/Application/Supporting Files/Generators/Localizable.strings\" --output \"$PROJECT_DIR/$PROJECT_NAME/Application/Supporting Files/Generated/Localizable.swift\"\n\n\"$PODS_ROOT\"/SwiftGen/bin/swiftgen xcassets -t swift4 \"$PROJECT_DIR/$PROJECT_NAME/Application/Supporting Files/Generators/Assets.xcassets\" --output \"$PROJECT_DIR/$PROJECT_NAME/Application/Supporting Files/Generated/Assets.swift\"\n\n\"$PODS_ROOT\"/SwiftGen/bin/swiftgen colors -t swift4 \"$PROJECT_DIR/$PROJECT_NAME/Application/Supporting Files/Generators/Colors.json\" --output \"$PROJECT_DIR/$PROJECT_NAME/Application/Supporting Files/Generated/Colors.swift\"\n\n\"$PODS_ROOT\"/SwiftGen/bin/swiftgen storyboards -t swift4 \"$PROJECT_DIR/$PROJECT_NAME\" --output \"$PROJECT_DIR/$PROJECT_NAME/Application/Supporting Files/Generated/Storyboards.swift\"\n\n";
		};
		C53BDE40C27DCEA3CA42D0AB /* [CP] Check Pods Manifest.lock */ = {
			isa = PBXShellScriptBuildPhase;
			buildActionMask = 2147483647;
			files = (
			);
			inputFileListPaths = (
			);
			inputPaths = (
				"${PODS_PODFILE_DIR_PATH}/Podfile.lock",
				"${PODS_ROOT}/Manifest.lock",
			);
			name = "[CP] Check Pods Manifest.lock";
			outputFileListPaths = (
			);
			outputPaths = (
				"$(DERIVED_FILE_DIR)/Pods-cineApp-checkManifestLockResult.txt",
			);
			runOnlyForDeploymentPostprocessing = 0;
			shellPath = /bin/sh;
			shellScript = "diff \"${PODS_PODFILE_DIR_PATH}/Podfile.lock\" \"${PODS_ROOT}/Manifest.lock\" > /dev/null\nif [ $? != 0 ] ; then\n    # print error to STDERR\n    echo \"error: The sandbox is not in sync with the Podfile.lock. Run 'pod install' or update your CocoaPods installation.\" >&2\n    exit 1\nfi\n# This output is used by Xcode 'outputs' to avoid re-running this script phase.\necho \"SUCCESS\" > \"${SCRIPT_OUTPUT_FILE_0}\"\n";
			showEnvVarsInLog = 0;
		};
/* End PBXShellScriptBuildPhase section */

/* Begin PBXSourcesBuildPhase section */
		89B632DB234FB6C100018607 /* Sources */ = {
			isa = PBXSourcesBuildPhase;
			buildActionMask = 2147483647;
			files = (
				89B632F7234FBF4D00018607 /* VcExtension.swift in Sources */,
				895EC384235111FB008DF55F /* Colors.swift in Sources */,
				895EC3752350FD06008DF55F /* CriarContaViewController.swift in Sources */,
				894464CA23550258000610F3 /* Filme.swift in Sources */,
				895EC382235111FB008DF55F /* Assets.swift in Sources */,
				8973D551235A3B1D00B2BFEA /* FilmeDetalhe.swift in Sources */,
				894464BF2354F36A000610F3 /* FilmeCollectionViewCell.swift in Sources */,
				89B632FE234FC05400018607 /* UINavChange.swift in Sources */,
				89B632E5234FB6C100018607 /* ViewController.swift in Sources */,
				894464C823550079000610F3 /* FilmeService.swift in Sources */,
				894464C22354F551000610F3 /* FilmesViewModel.swift in Sources */,
				89B632E3234FB6C100018607 /* AppDelegate.swift in Sources */,
				895EC383235111FB008DF55F /* Storyboards.swift in Sources */,
				894464C42354FBF4000610F3 /* FilmeRequestFactory.swift in Sources */,
				894464BB2354F25C000610F3 /* ListaFilmesViewController.swift in Sources */,
			);
			runOnlyForDeploymentPostprocessing = 0;
		};
/* End PBXSourcesBuildPhase section */

/* Begin PBXVariantGroup section */
		89B632E6234FB6C100018607 /* Main.storyboard */ = {
			isa = PBXVariantGroup;
			children = (
				89B632E7234FB6C100018607 /* Base */,
			);
			name = Main.storyboard;
			sourceTree = "<group>";
		};
		89B632EB234FB6C200018607 /* LaunchScreen.storyboard */ = {
			isa = PBXVariantGroup;
			children = (
				89B632EC234FB6C200018607 /* Base */,
			);
			name = LaunchScreen.storyboard;
			sourceTree = "<group>";
		};
/* End PBXVariantGroup section */

/* Begin XCBuildConfiguration section */
		89B632EF234FB6C200018607 /* Debug */ = {
			isa = XCBuildConfiguration;
			buildSettings = {
				ALWAYS_SEARCH_USER_PATHS = NO;
				CLANG_ANALYZER_NONNULL = YES;
				CLANG_ANALYZER_NUMBER_OBJECT_CONVERSION = YES_AGGRESSIVE;
				CLANG_CXX_LANGUAGE_STANDARD = "gnu++14";
				CLANG_CXX_LIBRARY = "libc++";
				CLANG_ENABLE_MODULES = YES;
				CLANG_ENABLE_OBJC_ARC = YES;
				CLANG_ENABLE_OBJC_WEAK = YES;
				CLANG_WARN_BLOCK_CAPTURE_AUTORELEASING = YES;
				CLANG_WARN_BOOL_CONVERSION = YES;
				CLANG_WARN_COMMA = YES;
				CLANG_WARN_CONSTANT_CONVERSION = YES;
				CLANG_WARN_DEPRECATED_OBJC_IMPLEMENTATIONS = YES;
				CLANG_WARN_DIRECT_OBJC_ISA_USAGE = YES_ERROR;
				CLANG_WARN_DOCUMENTATION_COMMENTS = YES;
				CLANG_WARN_EMPTY_BODY = YES;
				CLANG_WARN_ENUM_CONVERSION = YES;
				CLANG_WARN_INFINITE_RECURSION = YES;
				CLANG_WARN_INT_CONVERSION = YES;
				CLANG_WARN_NON_LITERAL_NULL_CONVERSION = YES;
				CLANG_WARN_OBJC_IMPLICIT_RETAIN_SELF = YES;
				CLANG_WARN_OBJC_LITERAL_CONVERSION = YES;
				CLANG_WARN_OBJC_ROOT_CLASS = YES_ERROR;
				CLANG_WARN_RANGE_LOOP_ANALYSIS = YES;
				CLANG_WARN_STRICT_PROTOTYPES = YES;
				CLANG_WARN_SUSPICIOUS_MOVE = YES;
				CLANG_WARN_UNGUARDED_AVAILABILITY = YES_AGGRESSIVE;
				CLANG_WARN_UNREACHABLE_CODE = YES;
				CLANG_WARN__DUPLICATE_METHOD_MATCH = YES;
				CODE_SIGN_IDENTITY = "iPhone Developer";
				COPY_PHASE_STRIP = NO;
				DEBUG_INFORMATION_FORMAT = dwarf;
				ENABLE_STRICT_OBJC_MSGSEND = YES;
				ENABLE_TESTABILITY = YES;
				GCC_C_LANGUAGE_STANDARD = gnu11;
				GCC_DYNAMIC_NO_PIC = NO;
				GCC_NO_COMMON_BLOCKS = YES;
				GCC_OPTIMIZATION_LEVEL = 0;
				GCC_PREPROCESSOR_DEFINITIONS = (
					"DEBUG=1",
					"$(inherited)",
				);
				GCC_WARN_64_TO_32_BIT_CONVERSION = YES;
				GCC_WARN_ABOUT_RETURN_TYPE = YES_ERROR;
				GCC_WARN_UNDECLARED_SELECTOR = YES;
				GCC_WARN_UNINITIALIZED_AUTOS = YES_AGGRESSIVE;
				GCC_WARN_UNUSED_FUNCTION = YES;
				GCC_WARN_UNUSED_VARIABLE = YES;
				IPHONEOS_DEPLOYMENT_TARGET = 12.4;
				MTL_ENABLE_DEBUG_INFO = INCLUDE_SOURCE;
				MTL_FAST_MATH = YES;
				ONLY_ACTIVE_ARCH = YES;
				SDKROOT = iphoneos;
				SWIFT_ACTIVE_COMPILATION_CONDITIONS = DEBUG;
				SWIFT_OPTIMIZATION_LEVEL = "-Onone";
			};
			name = Debug;
		};
		89B632F0234FB6C200018607 /* Release */ = {
			isa = XCBuildConfiguration;
			buildSettings = {
				ALWAYS_SEARCH_USER_PATHS = NO;
				CLANG_ANALYZER_NONNULL = YES;
				CLANG_ANALYZER_NUMBER_OBJECT_CONVERSION = YES_AGGRESSIVE;
				CLANG_CXX_LANGUAGE_STANDARD = "gnu++14";
				CLANG_CXX_LIBRARY = "libc++";
				CLANG_ENABLE_MODULES = YES;
				CLANG_ENABLE_OBJC_ARC = YES;
				CLANG_ENABLE_OBJC_WEAK = YES;
				CLANG_WARN_BLOCK_CAPTURE_AUTORELEASING = YES;
				CLANG_WARN_BOOL_CONVERSION = YES;
				CLANG_WARN_COMMA = YES;
				CLANG_WARN_CONSTANT_CONVERSION = YES;
				CLANG_WARN_DEPRECATED_OBJC_IMPLEMENTATIONS = YES;
				CLANG_WARN_DIRECT_OBJC_ISA_USAGE = YES_ERROR;
				CLANG_WARN_DOCUMENTATION_COMMENTS = YES;
				CLANG_WARN_EMPTY_BODY = YES;
				CLANG_WARN_ENUM_CONVERSION = YES;
				CLANG_WARN_INFINITE_RECURSION = YES;
				CLANG_WARN_INT_CONVERSION = YES;
				CLANG_WARN_NON_LITERAL_NULL_CONVERSION = YES;
				CLANG_WARN_OBJC_IMPLICIT_RETAIN_SELF = YES;
				CLANG_WARN_OBJC_LITERAL_CONVERSION = YES;
				CLANG_WARN_OBJC_ROOT_CLASS = YES_ERROR;
				CLANG_WARN_RANGE_LOOP_ANALYSIS = YES;
				CLANG_WARN_STRICT_PROTOTYPES = YES;
				CLANG_WARN_SUSPICIOUS_MOVE = YES;
				CLANG_WARN_UNGUARDED_AVAILABILITY = YES_AGGRESSIVE;
				CLANG_WARN_UNREACHABLE_CODE = YES;
				CLANG_WARN__DUPLICATE_METHOD_MATCH = YES;
				CODE_SIGN_IDENTITY = "iPhone Developer";
				COPY_PHASE_STRIP = NO;
				DEBUG_INFORMATION_FORMAT = "dwarf-with-dsym";
				ENABLE_NS_ASSERTIONS = NO;
				ENABLE_STRICT_OBJC_MSGSEND = YES;
				GCC_C_LANGUAGE_STANDARD = gnu11;
				GCC_NO_COMMON_BLOCKS = YES;
				GCC_WARN_64_TO_32_BIT_CONVERSION = YES;
				GCC_WARN_ABOUT_RETURN_TYPE = YES_ERROR;
				GCC_WARN_UNDECLARED_SELECTOR = YES;
				GCC_WARN_UNINITIALIZED_AUTOS = YES_AGGRESSIVE;
				GCC_WARN_UNUSED_FUNCTION = YES;
				GCC_WARN_UNUSED_VARIABLE = YES;
				IPHONEOS_DEPLOYMENT_TARGET = 12.4;
				MTL_ENABLE_DEBUG_INFO = NO;
				MTL_FAST_MATH = YES;
				SDKROOT = iphoneos;
				SWIFT_COMPILATION_MODE = wholemodule;
				SWIFT_OPTIMIZATION_LEVEL = "-O";
				VALIDATE_PRODUCT = YES;
			};
			name = Release;
		};
		89B632F2234FB6C200018607 /* Debug */ = {
			isa = XCBuildConfiguration;
			baseConfigurationReference = D46893483DF01F03E64AF072 /* Pods-cineApp.debug.xcconfig */;
			buildSettings = {
				ASSETCATALOG_COMPILER_APPICON_NAME = AppIcon;
				CODE_SIGN_STYLE = Automatic;
				DEVELOPMENT_TEAM = A3PZ4556C8;
				INFOPLIST_FILE = cineApp/Info.plist;
				LD_RUNPATH_SEARCH_PATHS = (
					"$(inherited)",
					"@executable_path/Frameworks",
				);
				PRODUCT_BUNDLE_IDENTIFIER = test.cineApp;
				PRODUCT_NAME = "$(TARGET_NAME)";
				SWIFT_VERSION = 5.0;
				TARGETED_DEVICE_FAMILY = "1,2";
			};
			name = Debug;
		};
		89B632F3234FB6C200018607 /* Release */ = {
			isa = XCBuildConfiguration;
			baseConfigurationReference = D52814981D396C59373EC5E2 /* Pods-cineApp.release.xcconfig */;
			buildSettings = {
				ASSETCATALOG_COMPILER_APPICON_NAME = AppIcon;
				CODE_SIGN_STYLE = Automatic;
				DEVELOPMENT_TEAM = A3PZ4556C8;
				INFOPLIST_FILE = cineApp/Info.plist;
				LD_RUNPATH_SEARCH_PATHS = (
					"$(inherited)",
					"@executable_path/Frameworks",
				);
				PRODUCT_BUNDLE_IDENTIFIER = test.cineApp;
				PRODUCT_NAME = "$(TARGET_NAME)";
				SWIFT_VERSION = 5.0;
				TARGETED_DEVICE_FAMILY = "1,2";
			};
			name = Release;
		};
/* End XCBuildConfiguration section */

/* Begin XCConfigurationList section */
		89B632DA234FB6C100018607 /* Build configuration list for PBXProject "cineApp" */ = {
			isa = XCConfigurationList;
			buildConfigurations = (
				89B632EF234FB6C200018607 /* Debug */,
				89B632F0234FB6C200018607 /* Release */,
			);
			defaultConfigurationIsVisible = 0;
			defaultConfigurationName = Release;
		};
		89B632F1234FB6C200018607 /* Build configuration list for PBXNativeTarget "cineApp" */ = {
			isa = XCConfigurationList;
			buildConfigurations = (
				89B632F2234FB6C200018607 /* Debug */,
				89B632F3234FB6C200018607 /* Release */,
			);
			defaultConfigurationIsVisible = 0;
			defaultConfigurationName = Release;
		};
/* End XCConfigurationList section */
	};
	rootObject = 89B632D7234FB6C100018607 /* Project object */;
}
